github.com/edtlsoft/GoCalculator v1.0.1 h1:wyfm1NVS1dDdMdlruFAQzLq91rJopzl7beOVOu+eTHI=
github.com/edtlsoft/GoCalculator v1.0.1/go.mod h1:nud8s5ecFnOA7eIGpLrZjwukiHxIOh1lFx8rop7d3TM=
github.com/edtlsoft/GoCalculator v1.0.3 h1:HaCojJiqUHFeHzPYzBIrVdKme9hJ+bpIZu0aMcHINHQ=
github.com/edtlsoft/GoCalculator v1.0.3/go.mod h1:nud8s5ecFnOA7eIGpLrZjwukiHxIOh1lFx8rop7d3TM=
